
Microsoft Visual Studio Solution File, Format Version 12.00
# Visual Studio Version 16
VisualStudioVersion = 16.0.30204.135
MinimumVisualStudioVersion = 10.0.40219.1
Project("{FAE04EC0-301F-11D3-BF4B-00C04F79EFBC}") = "Sol_Demo", "Sol_Demo\Sol_Demo.csproj", "{DEDD9CFC-27A8-4282-A08D-55FEACCA2EBC}"
EndProject
Global
	GlobalSection(SolutionConfigurationPlatforms) = preSolution
		Debug|Any CPU = Debug|Any CPU
		Release|Any CPU = Release|Any CPU
	EndGlobalSection
	GlobalSection(ProjectConfigurationPlatforms) = postSolution
		{DEDD9CFC-27A8-4282-A08D-55FEACCA2EBC}.Debug|Any CPU.ActiveCfg = Debug|Any CPU
		{DEDD9CFC-27A8-4282-A08D-55FEACCA2EBC}.Debug|Any CPU.Build.0 = Debug|Any CPU
		{DEDD9CFC-27A8-4282-A08D-55FEACCA2EBC}.Release|Any CPU.ActiveCfg = Release|Any CPU
		{DEDD9CFC-27A8-4282-A08D-55FEACCA2EBC}.Release|Any CPU.Build.0 = Release|Any CPU
	EndGlobalSection
	GlobalSection(SolutionProperties) = preSolution
		HideSolutionNode = FALSE
	EndGlobalSection
	GlobalSection(ExtensibilityGlobals) = postSolution
		SolutionGuid = {D1F5868B-A6F4-4CA2-9B50-4B186A0A705A}
	EndGlobalSection
EndGlobal
